train:
  cmd: python ./src/train.py
  deps:
  - path: ./model/feature/bottleneck_features_train.npy
    md5: 945af44ba604ae438680295463f835fd
    size: 32768128
  - path: ./model/feature/bottleneck_features_validation.npy
    md5: be23e6cf4a94a1ffb55d363710519ba5
    size: 26214528
  - path: ./src/config.py
    md5: ba06ce44d74b445f26fa8fafeb784323
    size: 898
  - path: ./src/train.py
    md5: 6b7f250d7b1ba87aa4dce4df6eca3f8c
    size: 1674
  outs:
  - path: ./log/metrics.csv
    md5: c831f00060a5d3170840ee7cf5abde05
    size: 838
  - path: ./model/model.h5
    md5: b449d5560698f409cab2ff8aa3d58fa9
    size: 8405536
  - path: ./model/model.json
    md5: 90edcab97846a606f6d0a53dc87d8bbf
    size: 1449
featurize:
  cmd: python ./src/data_preparation.py
  deps:
  - path: ./src/config.py
    md5: ba06ce44d74b445f26fa8fafeb784323
    size: 898
  - path: ./src/data_preparation.py
    md5: 51779f8ab446f8db8d92de08c38b354e
    size: 3062
  - path: data
    md5: d4b6523ecefb02c65c6fbf43517c27b7.dir
    size: 45765457
    nfiles: 2008
  outs:
  - path: ./model/feature/bottleneck_features_test.npy
    md5: de1f98f49ff65a2373f2162c6a737048
    size: 6553728
  - path: ./model/feature/bottleneck_features_train.npy
    md5: 945af44ba604ae438680295463f835fd
    size: 32768128
  - path: ./model/feature/bottleneck_features_validation.npy
    md5: be23e6cf4a94a1ffb55d363710519ba5
    size: 26214528
evaluate:
  cmd: python ./src/evaluate.py
  deps:
  - path: ./model/feature/bottleneck_features_test.npy
    md5: de1f98f49ff65a2373f2162c6a737048
    size: 6553728
  - path: ./model/model.h5
    md5: b449d5560698f409cab2ff8aa3d58fa9
    size: 8405536
  - path: ./model/model.json
    md5: 90edcab97846a606f6d0a53dc87d8bbf
    size: 1449
  - path: ./src/config.py
    md5: ba06ce44d74b445f26fa8fafeb784323
    size: 898
  - path: ./src/evaluate.py
    md5: 56b467f08a5d9bf1c3c911ca62f07c41
    size: 1195
  outs:
  - path: evaluation.json
    md5: 2934d84ec6bceb9a5910877ff70e41d6
    size: 70
